
Microsoft Visual Studio Solution File, Format Version 12.00
# Visual Studio Version 16
VisualStudioVersion = 16.0.29728.190
MinimumVisualStudioVersion = 10.0.40219.1
Project("{FAE04EC0-301F-11D3-BF4B-00C04F79EFBC}") = "ZipFolderConsole", "ZipFolderConsole.csproj", "{C058E86E-0573-4773-99F0-C24738D3470D}"
EndProject
Global
	GlobalSection(SolutionConfigurationPlatforms) = preSolution
		Debug|Any CPU = Debug|Any CPU
		Release|Any CPU = Release|Any CPU
	EndGlobalSection
	GlobalSection(ProjectConfigurationPlatforms) = postSolution
		{C058E86E-0573-4773-99F0-C24738D3470D}.Debug|Any CPU.ActiveCfg = Debug|Any CPU
		{C058E86E-0573-4773-99F0-C24738D3470D}.Debug|Any CPU.Build.0 = Debug|Any CPU
		{C058E86E-0573-4773-99F0-C24738D3470D}.Release|Any CPU.ActiveCfg = Release|Any CPU
		{C058E86E-0573-4773-99F0-C24738D3470D}.Release|Any CPU.Build.0 = Release|Any CPU
	EndGlobalSection
	GlobalSection(SolutionProperties) = preSolution
		HideSolutionNode = FALSE
	EndGlobalSection
	GlobalSection(ExtensibilityGlobals) = postSolution
		SolutionGuid = {52B7D923-EAD3-4B17-B1CF-A98E4276494D}
	EndGlobalSection
EndGlobal
